
Microsoft Visual Studio Solution File, Format Version 12.00
# Visual Studio Version 16
VisualStudioVersion = 25.0.1703.1
MinimumVisualStudioVersion = 10.0.40219.1
Project("{FAE04EC0-301F-11D3-BF4B-00C04F79EFBC}") = "ProbabilityCalculator", "ProbabilityCalculator\ProbabilityCalculator.csproj", "{9B107781-0203-4417-9C05-10310DEAE65B}"
EndProject
Project("{FAE04EC0-301F-11D3-BF4B-00C04F79EFBC}") = "ProbabilityTests", "ProbabilityTests\ProbabilityTests.csproj", "{84F11E0F-4E67-43B2-823C-61D5535C7CEF}"
EndProject
Global
	GlobalSection(SolutionConfigurationPlatforms) = preSolution
		Debug|Any CPU = Debug|Any CPU
		Release|Any CPU = Release|Any CPU
	EndGlobalSection
	GlobalSection(ProjectConfigurationPlatforms) = postSolution
		{9B107781-0203-4417-9C05-10310DEAE65B}.Debug|Any CPU.ActiveCfg = Debug|Any CPU
		{9B107781-0203-4417-9C05-10310DEAE65B}.Debug|Any CPU.Build.0 = Debug|Any CPU
		{9B107781-0203-4417-9C05-10310DEAE65B}.Release|Any CPU.ActiveCfg = Release|Any CPU
		{9B107781-0203-4417-9C05-10310DEAE65B}.Release|Any CPU.Build.0 = Release|Any CPU
		{84F11E0F-4E67-43B2-823C-61D5535C7CEF}.Debug|Any CPU.ActiveCfg = Debug|Any CPU
		{84F11E0F-4E67-43B2-823C-61D5535C7CEF}.Debug|Any CPU.Build.0 = Debug|Any CPU
		{84F11E0F-4E67-43B2-823C-61D5535C7CEF}.Release|Any CPU.ActiveCfg = Release|Any CPU
		{84F11E0F-4E67-43B2-823C-61D5535C7CEF}.Release|Any CPU.Build.0 = Release|Any CPU
	EndGlobalSection
	GlobalSection(SolutionProperties) = preSolution
		HideSolutionNode = FALSE
	EndGlobalSection
	GlobalSection(ExtensibilityGlobals) = postSolution
		SolutionGuid = {F095DBF1-0694-4322-B1F0-63B6331FBD5B}
	EndGlobalSection
EndGlobal
